{
  "lockfileVersion": 1,
  "configVersion": 1,
  "workspaces": {
    "": {
      "name": "s57-parser",
    },
    "packages/cli": {
      "name": "@s57-parser/cli",
      "version": "0.1.0",
      "bin": {
        "s57": "./dist/index.js",
      },
      "dependencies": {
        "@s57-parser/iso8211": "workspace:*",
        "@s57-parser/s57": "workspace:*",
      },
      "devDependencies": {
        "typescript": "^5.8.0",
      },
    },
    "packages/iso8211": {
      "name": "@s57-parser/iso8211",
      "version": "0.1.0",
      "devDependencies": {
        "typescript": "^5.8.0",
      },
    },
    "packages/s101": {
      "name": "@s57-parser/s101",
      "version": "0.1.0",
      "dependencies": {
        "@s57-parser/iso8211": "workspace:*",
      },
      "devDependencies": {
        "typescript": "^5.8.0",
      },
    },
    "packages/s52-render": {
      "name": "@s57-parser/s52-render",
      "version": "0.1.0",
      "dependencies": {
        "@s57-parser/s57": "workspace:*",
      },
      "devDependencies": {
        "typescript": "^5.8.0",
      },
    },
    "packages/s57": {
      "name": "@s57-parser/s57",
      "version": "0.1.0",
      "dependencies": {
        "@s57-parser/iso8211": "workspace:*",
      },
      "devDependencies": {
        "typescript": "^5.8.0",
      },
    },
  },
  "packages": {
    "@s57-parser/cli": ["@s57-parser/cli@workspace:packages/cli"],

    "@s57-parser/iso8211": ["@s57-parser/iso8211@workspace:packages/iso8211"],

    "@s57-parser/s101": ["@s57-parser/s101@workspace:packages/s101"],

    "@s57-parser/s52-render": ["@s57-parser/s52-render@workspace:packages/s52-render"],

    "@s57-parser/s57": ["@s57-parser/s57@workspace:packages/s57"],

    "typescript": ["typescript@5.9.3", "", { "bin": { "tsc": "bin/tsc", "tsserver": "bin/tsserver" } }, "sha512-jl1vZzPDinLr9eUt3J/t7V6FgNEw9QjvBPdysz9KfQDD41fQrC2Y4vKQdiaUpFT4bXlb1RHhLpp8wtm6M5TgSw=="],
  }
}
